
Microsoft Visual Studio Solution File, Format Version 12.00
# Visual Studio Version 17
VisualStudioVersion = 17.4.33205.214
MinimumVisualStudioVersion = 10.0.40219.1
Project("{FAE04EC0-301F-11D3-BF4B-00C04F79EFBC}") = "Practice167", "Practice167\Practice167.csproj", "{C18E7A1C-27B5-4593-B3D8-FC2F767B4453}"
EndProject
Project("{FAE04EC0-301F-11D3-BF4B-00C04F79EFBC}") = "Practice167.Tests", "Practice167.Tests\Practice167.Tests.csproj", "{540B0C6D-0C97-4027-AA19-7C4F0C5ED153}"
	ProjectSection(ProjectDependencies) = postProject
		{C18E7A1C-27B5-4593-B3D8-FC2F767B4453} = {C18E7A1C-27B5-4593-B3D8-FC2F767B4453}
	EndProjectSection
EndProject
Global
	GlobalSection(SolutionConfigurationPlatforms) = preSolution
		Debug|Any CPU = Debug|Any CPU
		Release|Any CPU = Release|Any CPU
	EndGlobalSection
	GlobalSection(ProjectConfigurationPlatforms) = postSolution
		{C18E7A1C-27B5-4593-B3D8-FC2F767B4453}.Debug|Any CPU.ActiveCfg = Debug|Any CPU
		{C18E7A1C-27B5-4593-B3D8-FC2F767B4453}.Debug|Any CPU.Build.0 = Debug|Any CPU
		{C18E7A1C-27B5-4593-B3D8-FC2F767B4453}.Release|Any CPU.ActiveCfg = Release|Any CPU
		{C18E7A1C-27B5-4593-B3D8-FC2F767B4453}.Release|Any CPU.Build.0 = Release|Any CPU
		{540B0C6D-0C97-4027-AA19-7C4F0C5ED153}.Debug|Any CPU.ActiveCfg = Debug|Any CPU
		{540B0C6D-0C97-4027-AA19-7C4F0C5ED153}.Debug|Any CPU.Build.0 = Debug|Any CPU
		{540B0C6D-0C97-4027-AA19-7C4F0C5ED153}.Release|Any CPU.ActiveCfg = Release|Any CPU
		{540B0C6D-0C97-4027-AA19-7C4F0C5ED153}.Release|Any CPU.Build.0 = Release|Any CPU
	EndGlobalSection
	GlobalSection(SolutionProperties) = preSolution
		HideSolutionNode = FALSE
	EndGlobalSection
	GlobalSection(ExtensibilityGlobals) = postSolution
		SolutionGuid = {250EF1FB-1FF4-4812-AEF2-8E8351CCFB25}
	EndGlobalSection
EndGlobal
